// !$*UTF8*$!
{
	archiveVersion = 1;
	classes = {
	};
	objectVersion = 46;
	objects = {

/* Begin PBXBuildFile section */
		5764F1FE238F706F003D54F3 /* LCNibConvention.swift in Sources */ = {isa = PBXBuildFile; fileRef = 5764F1FC238F706F003D54F3 /* LCNibConvention.swift */; };
		5764F1FF238F706F003D54F3 /* LCNibBridge.swift in Sources */ = {isa = PBXBuildFile; fileRef = 5764F1FD238F706F003D54F3 /* LCNibBridge.swift */; };
		57A8209E1EFA4C7E00DD3F55 /* LCNibBridge.framework in Frameworks */ = {isa = PBXBuildFile; fileRef = 57A820941EFA4C7E00DD3F55 /* LCNibBridge.framework */; };
		57A820A31EFA4C7E00DD3F55 /* LCNibBridgeTests.swift in Sources */ = {isa = PBXBuildFile; fileRef = 57A820A21EFA4C7E00DD3F55 /* LCNibBridgeTests.swift */; };
		57A820A51EFA4C7E00DD3F55 /* LCNibBridge.h in Headers */ = {isa = PBXBuildFile; fileRef = 57A820971EFA4C7E00DD3F55 /* LCNibBridge.h */; settings = {ATTRIBUTES = (Public, ); }; };
/* End PBXBuildFile section */

/* Begin PBXContainerItemProxy section */
		57A8209F1EFA4C7E00DD3F55 /* PBXContainerItemProxy */ = {
			isa = PBXContainerItemProxy;
			containerPortal = 57A8208B1EFA4C7E00DD3F55 /* Project object */;
			proxyType = 1;
			remoteGlobalIDString = 57A820931EFA4C7E00DD3F55;
			remoteInfo = LCNibBridge;
		};
/* End PBXContainerItemProxy section */

/* Begin PBXFileReference section */
		5764F1FC238F706F003D54F3 /* LCNibConvention.swift */ = {isa = PBXFileReference; fileEncoding = 4; lastKnownFileType = sourcecode.swift; path = LCNibConvention.swift; sourceTree = "<group>"; };
		5764F1FD238F706F003D54F3 /* LCNibBridge.swift */ = {isa = PBXFileReference; fileEncoding = 4; lastKnownFileType = sourcecode.swift; path = LCNibBridge.swift; sourceTree = "<group>"; };
		57A820941EFA4C7E00DD3F55 /* LCNibBridge.framework */ = {isa = PBXFileReference; explicitFileType = wrapper.framework; includeInIndex = 0; path = LCNibBridge.framework; sourceTree = BUILT_PRODUCTS_DIR; };
		57A820971EFA4C7E00DD3F55 /* LCNibBridge.h */ = {isa = PBXFileReference; lastKnownFileType = sourcecode.c.h; path = LCNibBridge.h; sourceTree = "<group>"; };
		57A820981EFA4C7E00DD3F55 /* Info.plist */ = {isa = PBXFileReference; lastKnownFileType = text.plist.xml; path = Info.plist; sourceTree = "<group>"; };
		57A8209D1EFA4C7E00DD3F55 /* LCNibBridgeTests.xctest */ = {isa = PBXFileReference; explicitFileType = wrapper.cfbundle; includeInIndex = 0; path = LCNibBridgeTests.xctest; sourceTree = BUILT_PRODUCTS_DIR; };
		57A820A21EFA4C7E00DD3F55 /* LCNibBridgeTests.swift */ = {isa = PBXFileReference; lastKnownFileType = sourcecode.swift; path = LCNibBridgeTests.swift; sourceTree = "<group>"; };
		57A820A41EFA4C7E00DD3F55 /* Info.plist */ = {isa = PBXFileReference; lastKnownFileType = text.plist.xml; path = Info.plist; sourceTree = "<group>"; };
/* End PBXFileReference section */

/* Begin PBXFrameworksBuildPhase section */
		57A820901EFA4C7E00DD3F55 /* Frameworks */ = {
			isa = PBXFrameworksBuildPhase;
			buildActionMask = 2147483647;
			files = (
			);
			runOnlyForDeploymentPostprocessing = 0;
		};
		57A8209A1EFA4C7E00DD3F55 /* Frameworks */ = {
			isa = PBXFrameworksBuildPhase;
			buildActionMask = 2147483647;
			files = (
				57A8209E1EFA4C7E00DD3F55 /* LCNibBridge.framework in Frameworks */,
			);
			runOnlyForDeploymentPostprocessing = 0;
		};
/* End PBXFrameworksBuildPhase section */

/* Begin PBXGroup section */
		5764F1FB238F706F003D54F3 /* LCNibBridge */ = {
			isa = PBXGroup;
			children = (
				5764F1FC238F706F003D54F3 /* LCNibConvention.swift */,
				5764F1FD238F706F003D54F3 /* LCNibBridge.swift */,
			);
			path = LCNibBridge;
			sourceTree = "<group>";
		};
		57A8208A1EFA4C7E00DD3F55 = {
			isa = PBXGroup;
			children = (
				57A820AE1EFA544F00DD3F55 /* Source */,
				57A820961EFA4C7E00DD3F55 /* LCNibBridge */,
				57A820A11EFA4C7E00DD3F55 /* LCNibBridgeTests */,
				57A820951EFA4C7E00DD3F55 /* Products */,
			);
			sourceTree = "<group>";
		};
		57A820951EFA4C7E00DD3F55 /* Products */ = {
			isa = PBXGroup;
			children = (
				57A820941EFA4C7E00DD3F55 /* LCNibBridge.framework */,
				57A8209D1EFA4C7E00DD3F55 /* LCNibBridgeTests.xctest */,
			);
			name = Products;
			sourceTree = "<group>";
		};
		57A820961EFA4C7E00DD3F55 /* LCNibBridge */ = {
			isa = PBXGroup;
			children = (
				57A820971EFA4C7E00DD3F55 /* LCNibBridge.h */,
				57A820981EFA4C7E00DD3F55 /* Info.plist */,
			);
			path = LCNibBridge;
			sourceTree = "<group>";
		};
		57A820A11EFA4C7E00DD3F55 /* LCNibBridgeTests */ = {
			isa = PBXGroup;
			children = (
				57A820A21EFA4C7E00DD3F55 /* LCNibBridgeTests.swift */,
				57A820A41EFA4C7E00DD3F55 /* Info.plist */,
			);
			path = LCNibBridgeTests;
			sourceTree = "<group>";
		};
		57A820AE1EFA544F00DD3F55 /* Source */ = {
			isa = PBXGroup;
			children = (
				5764F1FB238F706F003D54F3 /* LCNibBridge */,
			);
			path = Source;
			sourceTree = "<group>";
		};
/* End PBXGroup section */

/* Begin PBXHeadersBuildPhase section */
		57A820911EFA4C7E00DD3F55 /* Headers */ = {
			isa = PBXHeadersBuildPhase;
			buildActionMask = 2147483647;
			files = (
				57A820A51EFA4C7E00DD3F55 /* LCNibBridge.h in Headers */,
			);
			runOnlyForDeploymentPostprocessing = 0;
		};
/* End PBXHeadersBuildPhase section */

/* Begin PBXNativeTarget section */
		57A820931EFA4C7E00DD3F55 /* LCNibBridge */ = {
			isa = PBXNativeTarget;
			buildConfigurationList = 57A820A81EFA4C7E00DD3F55 /* Build configuration list for PBXNativeTarget "LCNibBridge" */;
			buildPhases = (
				57A8208F1EFA4C7E00DD3F55 /* Sources */,
				57A820901EFA4C7E00DD3F55 /* Frameworks */,
				57A820911EFA4C7E00DD3F55 /* Headers */,
				57A820921EFA4C7E00DD3F55 /* Resources */,
			);
			buildRules = (
			);
			dependencies = (
			);
			name = LCNibBridge;
			productName = LCNibBridge;
			productReference = 57A820941EFA4C7E00DD3F55 /* LCNibBridge.framework */;
			productType = "com.apple.product-type.framework";
		};
		57A8209C1EFA4C7E00DD3F55 /* LCNibBridgeTests */ = {
			isa = PBXNativeTarget;
			buildConfigurationList = 57A820AB1EFA4C7E00DD3F55 /* Build configuration list for PBXNativeTarget "LCNibBridgeTests" */;
			buildPhases = (
				57A820991EFA4C7E00DD3F55 /* Sources */,
				57A8209A1EFA4C7E00DD3F55 /* Frameworks */,
				57A8209B1EFA4C7E00DD3F55 /* Resources */,
			);
			buildRules = (
			);
			dependencies = (
				57A820A01EFA4C7E00DD3F55 /* PBXTargetDependency */,
			);
			name = LCNibBridgeTests;
			productName = LCNibBridgeTests;
			productReference = 57A8209D1EFA4C7E00DD3F55 /* LCNibBridgeTests.xctest */;
			productType = "com.apple.product-type.bundle.unit-test";
		};
/* End PBXNativeTarget section */

/* Begin PBXProject section */
		57A8208B1EFA4C7E00DD3F55 /* Project object */ = {
			isa = PBXProject;
			attributes = {
				LastSwiftUpdateCheck = 0830;
				LastUpgradeCheck = 1120;
				ORGANIZATIONNAME = "北京京师乐学教育科技有限公司";
				TargetAttributes = {
					57A820931EFA4C7E00DD3F55 = {
						CreatedOnToolsVersion = 8.3.2;
						DevelopmentTeam = LZBY3S98DG;
						LastSwiftMigration = 1120;
						ProvisioningStyle = Automatic;
					};
					57A8209C1EFA4C7E00DD3F55 = {
						CreatedOnToolsVersion = 8.3.2;
						DevelopmentTeam = LZBY3S98DG;
						LastSwiftMigration = 1120;
						ProvisioningStyle = Automatic;
					};
				};
			};
			buildConfigurationList = 57A8208E1EFA4C7E00DD3F55 /* Build configuration list for PBXProject "LCNibBridge" */;
			compatibilityVersion = "Xcode 3.2";
			developmentRegion = en;
			hasScannedForEncodings = 0;
			knownRegions = (
				en,
				Base,
			);
			mainGroup = 57A8208A1EFA4C7E00DD3F55;
			productRefGroup = 57A820951EFA4C7E00DD3F55 /* Products */;
			projectDirPath = "";
			projectRoot = "";
			targets = (
				57A820931EFA4C7E00DD3F55 /* LCNibBridge */,
				57A8209C1EFA4C7E00DD3F55 /* LCNibBridgeTests */,
			);
		};
/* End PBXProject section */

/* Begin PBXResourcesBuildPhase section */
		57A820921EFA4C7E00DD3F55 /* Resources */ = {
			isa = PBXResourcesBuildPhase;
			buildActionMask = 2147483647;
			files = (
			);
			runOnlyForDeploymentPostprocessing = 0;
		};
		57A8209B1EFA4C7E00DD3F55 /* Resources */ = {
			isa = PBXResourcesBuildPhase;
			buildActionMask = 2147483647;
			files = (
			);
			runOnlyForDeploymentPostprocessing = 0;
		};
/* End PBXResourcesBuildPhase section */

/* Begin PBXSourcesBuildPhase section */
		57A8208F1EFA4C7E00DD3F55 /* Sources */ = {
			isa = PBXSourcesBuildPhase;
			buildActionMask = 2147483647;
			files = (
				5764F1FE238F706F003D54F3 /* LCNibConvention.swift in Sources */,
				5764F1FF238F706F003D54F3 /* LCNibBridge.swift in Sources */,
			);
			runOnlyForDeploymentPostprocessing = 0;
		};
		57A820991EFA4C7E00DD3F55 /* Sources */ = {
			isa = PBXSourcesBuildPhase;
			buildActionMask = 2147483647;
			files = (
				57A820A31EFA4C7E00DD3F55 /* LCNibBridgeTests.swift in Sources */,
			);
			runOnlyForDeploymentPostprocessing = 0;
		};
/* End PBXSourcesBuildPhase section */

/* Begin PBXTargetDependency section */
		57A820A01EFA4C7E00DD3F55 /* PBXTargetDependency */ = {
			isa = PBXTargetDependency;
			target = 57A820931EFA4C7E00DD3F55 /* LCNibBridge */;
			targetProxy = 57A8209F1EFA4C7E00DD3F55 /* PBXContainerItemProxy */;
		};
/* End PBXTargetDependency section */

/* Begin XCBuildConfiguration section */
		57A820A61EFA4C7E00DD3F55 /* Debug */ = {
			isa = XCBuildConfiguration;
			buildSettings = {
				ALWAYS_SEARCH_USER_PATHS = NO;
				CLANG_ANALYZER_LOCALIZABILITY_NONLOCALIZED = YES;
				CLANG_ANALYZER_NONNULL = YES;
				CLANG_ANALYZER_NUMBER_OBJECT_CONVERSION = YES_AGGRESSIVE;
				CLANG_CXX_LANGUAGE_STANDARD = "gnu++0x";
				CLANG_CXX_LIBRARY = "libc++";
				CLANG_ENABLE_MODULES = YES;
				CLANG_ENABLE_OBJC_ARC = YES;
				CLANG_WARN_BLOCK_CAPTURE_AUTORELEASING = YES;
				CLANG_WARN_BOOL_CONVERSION = YES;
				CLANG_WARN_COMMA = YES;
				CLANG_WARN_CONSTANT_CONVERSION = YES;
				CLANG_WARN_DEPRECATED_OBJC_IMPLEMENTATIONS = YES;
				CLANG_WARN_DIRECT_OBJC_ISA_USAGE = YES_ERROR;
				CLANG_WARN_DOCUMENTATION_COMMENTS = YES;
				CLANG_WARN_EMPTY_BODY = YES;
				CLANG_WARN_ENUM_CONVERSION = YES;
				CLANG_WARN_INFINITE_RECURSION = YES;
				CLANG_WARN_INT_CONVERSION = YES;
				CLANG_WARN_NON_LITERAL_NULL_CONVERSION = YES;
				CLANG_WARN_OBJC_IMPLICIT_RETAIN_SELF = YES;
				CLANG_WARN_OBJC_LITERAL_CONVERSION = YES;
				CLANG_WARN_OBJC_ROOT_CLASS = YES_ERROR;
				CLANG_WARN_RANGE_LOOP_ANALYSIS = YES;
				CLANG_WARN_STRICT_PROTOTYPES = YES;
				CLANG_WARN_SUSPICIOUS_MOVE = YES;
				CLANG_WARN_UNREACHABLE_CODE = YES;
				CLANG_WARN__DUPLICATE_METHOD_MATCH = YES;
				"CODE_SIGN_IDENTITY[sdk=iphoneos*]" = "iPhone Developer";
				COPY_PHASE_STRIP = NO;
				CURRENT_PROJECT_VERSION = 1;
				DEBUG_INFORMATION_FORMAT = dwarf;
				ENABLE_STRICT_OBJC_MSGSEND = YES;
				ENABLE_TESTABILITY = YES;
				GCC_C_LANGUAGE_STANDARD = gnu99;
				GCC_DYNAMIC_NO_PIC = NO;
				GCC_NO_COMMON_BLOCKS = YES;
				GCC_OPTIMIZATION_LEVEL = 0;
				GCC_PREPROCESSOR_DEFINITIONS = (
					"DEBUG=1",
					"$(inherited)",
				);
				GCC_WARN_64_TO_32_BIT_CONVERSION = YES;
				GCC_WARN_ABOUT_RETURN_TYPE = YES_ERROR;
				GCC_WARN_UNDECLARED_SELECTOR = YES;
				GCC_WARN_UNINITIALIZED_AUTOS = YES_AGGRESSIVE;
				GCC_WARN_UNUSED_FUNCTION = YES;
				GCC_WARN_UNUSED_VARIABLE = YES;
				IPHONEOS_DEPLOYMENT_TARGET = 10.3;
				MTL_ENABLE_DEBUG_INFO = YES;
				ONLY_ACTIVE_ARCH = YES;
				SDKROOT = iphoneos;
				SWIFT_ACTIVE_COMPILATION_CONDITIONS = DEBUG;
				SWIFT_OPTIMIZATION_LEVEL = "-Onone";
				TARGETED_DEVICE_FAMILY = "1,2";
				VERSIONING_SYSTEM = "apple-generic";
				VERSION_INFO_PREFIX = "";
			};
			name = Debug;
		};
		57A820A71EFA4C7E00DD3F55 /* Release */ = {
			isa = XCBuildConfiguration;
			buildSettings = {
				ALWAYS_SEARCH_USER_PATHS = NO;
				CLANG_ANALYZER_LOCALIZABILITY_NONLOCALIZED = YES;
				CLANG_ANALYZER_NONNULL = YES;
				CLANG_ANALYZER_NUMBER_OBJECT_CONVERSION = YES_AGGRESSIVE;
				CLANG_CXX_LANGUAGE_STANDARD = "gnu++0x";
				CLANG_CXX_LIBRARY = "libc++";
				CLANG_ENABLE_MODULES = YES;
				CLANG_ENABLE_OBJC_ARC = YES;
				CLANG_WARN_BLOCK_CAPTURE_AUTORELEASING = YES;
				CLANG_WARN_BOOL_CONVERSION = YES;
				CLANG_WARN_COMMA = YES;
				CLANG_WARN_CONSTANT_CONVERSION = YES;
				CLANG_WARN_DEPRECATED_OBJC_IMPLEMENTATIONS = YES;
				CLANG_WARN_DIRECT_OBJC_ISA_USAGE = YES_ERROR;
				CLANG_WARN_DOCUMENTATION_COMMENTS = YES;
				CLANG_WARN_EMPTY_BODY = YES;
				CLANG_WARN_ENUM_CONVERSION = YES;
				CLANG_WARN_INFINITE_RECURSION = YES;
				CLANG_WARN_INT_CONVERSION = YES;
				CLANG_WARN_NON_LITERAL_NULL_CONVERSION = YES;
				CLANG_WARN_OBJC_IMPLICIT_RETAIN_SELF = YES;
				CLANG_WARN_OBJC_LITERAL_CONVERSION = YES;
				CLANG_WARN_OBJC_ROOT_CLASS = YES_ERROR;
				CLANG_WARN_RANGE_LOOP_ANALYSIS = YES;
				CLANG_WARN_STRICT_PROTOTYPES = YES;
				CLANG_WARN_SUSPICIOUS_MOVE = YES;
				CLANG_WARN_UNREACHABLE_CODE = YES;
				CLANG_WARN__DUPLICATE_METHOD_MATCH = YES;
				"CODE_SIGN_IDENTITY[sdk=iphoneos*]" = "iPhone Developer";
				COPY_PHASE_STRIP = NO;
				CURRENT_PROJECT_VERSION = 1;
				DEBUG_INFORMATION_FORMAT = "dwarf-with-dsym";
				ENABLE_NS_ASSERTIONS = NO;
				ENABLE_STRICT_OBJC_MSGSEND = YES;
				GCC_C_LANGUAGE_STANDARD = gnu99;
				GCC_NO_COMMON_BLOCKS = YES;
				GCC_WARN_64_TO_32_BIT_CONVERSION = YES;
				GCC_WARN_ABOUT_RETURN_TYPE = YES_ERROR;
				GCC_WARN_UNDECLARED_SELECTOR = YES;
				GCC_WARN_UNINITIALIZED_AUTOS = YES_AGGRESSIVE;
				GCC_WARN_UNUSED_FUNCTION = YES;
				GCC_WARN_UNUSED_VARIABLE = YES;
				IPHONEOS_DEPLOYMENT_TARGET = 10.3;
				MTL_ENABLE_DEBUG_INFO = NO;
				SDKROOT = iphoneos;
				SWIFT_OPTIMIZATION_LEVEL = "-Owholemodule";
				TARGETED_DEVICE_FAMILY = "1,2";
				VALIDATE_PRODUCT = YES;
				VERSIONING_SYSTEM = "apple-generic";
				VERSION_INFO_PREFIX = "";
			};
			name = Release;
		};
		57A820A91EFA4C7E00DD3F55 /* Debug */ = {
			isa = XCBuildConfiguration;
			buildSettings = {
				CODE_SIGN_IDENTITY = "Apple Development";
				"CODE_SIGN_IDENTITY[sdk=macosx*]" = "Apple Development";
				DEFINES_MODULE = YES;
				DEVELOPMENT_TEAM = LZBY3S98DG;
				DYLIB_COMPATIBILITY_VERSION = 1;
				DYLIB_CURRENT_VERSION = 1;
				DYLIB_INSTALL_NAME_BASE = "@rpath";
				INFOPLIST_FILE = LCNibBridge/Info.plist;
				INSTALL_PATH = "$(LOCAL_LIBRARY_DIR)/Frameworks";
				IPHONEOS_DEPLOYMENT_TARGET = 8.0;
				LD_RUNPATH_SEARCH_PATHS = "$(inherited) @executable_path/Frameworks @loader_path/Frameworks";
				MARKETING_VERSION = 1.1;
				PRODUCT_BUNDLE_IDENTIFIER = com.muke.LCNibBridge;
				PRODUCT_NAME = "$(TARGET_NAME)";
				SKIP_INSTALL = YES;
				SWIFT_SWIFT3_OBJC_INFERENCE = Default;
				SWIFT_VERSION = 5.0;
			};
			name = Debug;
		};
		57A820AA1EFA4C7E00DD3F55 /* Release */ = {
			isa = XCBuildConfiguration;
			buildSettings = {
				CODE_SIGN_IDENTITY = "Apple Development";
				"CODE_SIGN_IDENTITY[sdk=macosx*]" = "Apple Development";
				DEFINES_MODULE = YES;
				DEVELOPMENT_TEAM = LZBY3S98DG;
				DYLIB_COMPATIBILITY_VERSION = 1;
				DYLIB_CURRENT_VERSION = 1;
				DYLIB_INSTALL_NAME_BASE = "@rpath";
				INFOPLIST_FILE = LCNibBridge/Info.plist;
				INSTALL_PATH = "$(LOCAL_LIBRARY_DIR)/Frameworks";
				IPHONEOS_DEPLOYMENT_TARGET = 8.0;
				LD_RUNPATH_SEARCH_PATHS = "$(inherited) @executable_path/Frameworks @loader_path/Frameworks";
				MARKETING_VERSION = 1.1;
				PRODUCT_BUNDLE_IDENTIFIER = com.muke.LCNibBridge;
				PRODUCT_NAME = "$(TARGET_NAME)";
				SKIP_INSTALL = YES;
				SWIFT_SWIFT3_OBJC_INFERENCE = Default;
				SWIFT_VERSION = 5.0;
			};
			name = Release;
		};
		57A820AC1EFA4C7E00DD3F55 /* Debug */ = {
			isa = XCBuildConfiguration;
			buildSettings = {
				ALWAYS_EMBED_SWIFT_STANDARD_LIBRARIES = YES;
				DEVELOPMENT_TEAM = LZBY3S98DG;
				INFOPLIST_FILE = LCNibBridgeTests/Info.plist;
				LD_RUNPATH_SEARCH_PATHS = "$(inherited) @executable_path/Frameworks @loader_path/Frameworks";
				PRODUCT_BUNDLE_IDENTIFIER = com.isprint.LCNibBridgeTests;
				PRODUCT_NAME = "$(TARGET_NAME)";
				SWIFT_SWIFT3_OBJC_INFERENCE = Default;
				SWIFT_VERSION = 5.0;
			};
			name = Debug;
		};
		57A820AD1EFA4C7E00DD3F55 /* Release */ = {
			isa = XCBuildConfiguration;
			buildSettings = {
				ALWAYS_EMBED_SWIFT_STANDARD_LIBRARIES = YES;
				DEVELOPMENT_TEAM = LZBY3S98DG;
				INFOPLIST_FILE = LCNibBridgeTests/Info.plist;
				LD_RUNPATH_SEARCH_PATHS = "$(inherited) @executable_path/Frameworks @loader_path/Frameworks";
				PRODUCT_BUNDLE_IDENTIFIER = com.isprint.LCNibBridgeTests;
				PRODUCT_NAME = "$(TARGET_NAME)";
				SWIFT_SWIFT3_OBJC_INFERENCE = Default;
				SWIFT_VERSION = 5.0;
			};
			name = Release;
		};
/* End XCBuildConfiguration section */

/* Begin XCConfigurationList section */
		57A8208E1EFA4C7E00DD3F55 /* Build configuration list for PBXProject "LCNibBridge" */ = {
			isa = XCConfigurationList;
			buildConfigurations = (
				57A820A61EFA4C7E00DD3F55 /* Debug */,
				57A820A71EFA4C7E00DD3F55 /* Release */,
			);
			defaultConfigurationIsVisible = 0;
			defaultConfigurationName = Release;
		};
		57A820A81EFA4C7E00DD3F55 /* Build configuration list for PBXNativeTarget "LCNibBridge" */ = {
			isa = XCConfigurationList;
			buildConfigurations = (
				57A820A91EFA4C7E00DD3F55 /* Debug */,
				57A820AA1EFA4C7E00DD3F55 /* Release */,
			);
			defaultConfigurationIsVisible = 0;
			defaultConfigurationName = Release;
		};
		57A820AB1EFA4C7E00DD3F55 /* Build configuration list for PBXNativeTarget "LCNibBridgeTests" */ = {
			isa = XCConfigurationList;
			buildConfigurations = (
				57A820AC1EFA4C7E00DD3F55 /* Debug */,
				57A820AD1EFA4C7E00DD3F55 /* Release */,
			);
			defaultConfigurationIsVisible = 0;
			defaultConfigurationName = Release;
		};
/* End XCConfigurationList section */
	};
	rootObject = 57A8208B1EFA4C7E00DD3F55 /* Project object */;
}
